
Microsoft Visual Studio Solution File, Format Version 12.00
# Visual Studio Version 16
VisualStudioVersion = 16.0.31424.327
MinimumVisualStudioVersion = 10.0.40219.1
Project("{9A19103F-16F7-4668-BE54-9A1E7A4F7556}") = "TrainOfThought2", "TrainOfThought2\TrainOfThought2.csproj", "{C87704C2-961F-4AF4-AF95-61C49D4921B2}"
EndProject
Global
	GlobalSection(SolutionConfigurationPlatforms) = preSolution
		Debug|Any CPU = Debug|Any CPU
		Release|Any CPU = Release|Any CPU
	EndGlobalSection
	GlobalSection(ProjectConfigurationPlatforms) = postSolution
		{C87704C2-961F-4AF4-AF95-61C49D4921B2}.Debug|Any CPU.ActiveCfg = Debug|Any CPU
		{C87704C2-961F-4AF4-AF95-61C49D4921B2}.Debug|Any CPU.Build.0 = Debug|Any CPU
		{C87704C2-961F-4AF4-AF95-61C49D4921B2}.Release|Any CPU.ActiveCfg = Release|Any CPU
		{C87704C2-961F-4AF4-AF95-61C49D4921B2}.Release|Any CPU.Build.0 = Release|Any CPU
	EndGlobalSection
	GlobalSection(SolutionProperties) = preSolution
		HideSolutionNode = FALSE
	EndGlobalSection
	GlobalSection(ExtensibilityGlobals) = postSolution
		SolutionGuid = {1B959696-28BB-4A05-B07F-C6DCC6FE029A}
	EndGlobalSection
EndGlobal
